
Microsoft Visual Studio Solution File, Format Version 12.00
# Visual Studio 15
VisualStudioVersion = 15.0.27703.2035
MinimumVisualStudioVersion = 10.0.40219.1
Project("{FAE04EC0-301F-11D3-BF4B-00C04F79EFBC}") = "ProjectedRaisesGUI", "ProjectedRaisesGUI\ProjectedRaisesGUI.csproj", "{8A0A5ABB-AD27-4B79-A8AD-4BE1C80E2624}"
EndProject
Global
	GlobalSection(SolutionConfigurationPlatforms) = preSolution
		Debug|Any CPU = Debug|Any CPU
		Release|Any CPU = Release|Any CPU
	EndGlobalSection
	GlobalSection(ProjectConfigurationPlatforms) = postSolution
		{8A0A5ABB-AD27-4B79-A8AD-4BE1C80E2624}.Debug|Any CPU.ActiveCfg = Debug|Any CPU
		{8A0A5ABB-AD27-4B79-A8AD-4BE1C80E2624}.Debug|Any CPU.Build.0 = Debug|Any CPU
		{8A0A5ABB-AD27-4B79-A8AD-4BE1C80E2624}.Release|Any CPU.ActiveCfg = Release|Any CPU
		{8A0A5ABB-AD27-4B79-A8AD-4BE1C80E2624}.Release|Any CPU.Build.0 = Release|Any CPU
	EndGlobalSection
	GlobalSection(SolutionProperties) = preSolution
		HideSolutionNode = FALSE
	EndGlobalSection
	GlobalSection(ExtensibilityGlobals) = postSolution
		SolutionGuid = {DDA8638C-24C5-46CF-BF0B-0078890508D1}
	EndGlobalSection
EndGlobal
